{
  "version": 4,
  "terraform_version": "1.4.3",
  "serial": 137,
  "lineage": "3c900194-22b1-7a1b-6b92-7851bb4d13a6",
  "outputs": {},
  "resources": [
    {
      "module": "module.digital_portfolio_dev_stack",
      "mode": "managed",
      "type": "aws_instance",
      "name": "dp_server",
      "provider": "provider[\"registry.terraform.io/hashicorp/aws\"]",
      "instances": [
        {
          "schema_version": 1,
          "attributes": {
            "ami": "ami-0df7a207adb9748c7",
            "arn": "arn:aws:ec2:ap-southeast-1:645255961018:instance/i-0ccc5ea963dee400c",
            "associate_public_ip_address": true,
            "availability_zone": "ap-southeast-1a",
            "capacity_reservation_specification": [
              {
                "capacity_reservation_preference": "open",
                "capacity_reservation_target": []
              }
            ],
            "cpu_core_count": 1,
            "cpu_options": [
              {
                "amd_sev_snp": "",
                "core_count": 1,
                "threads_per_core": 1
              }
            ],
            "cpu_threads_per_core": 1,
            "credit_specification": [
              {
                "cpu_credits": "standard"
              }
            ],
            "disable_api_stop": false,
            "disable_api_termination": false,
            "ebs_block_device": [
              {
                "delete_on_termination": false,
                "device_name": "/dev/xvdf",
                "encrypted": false,
                "iops": 3000,
                "kms_key_id": "",
                "snapshot_id": "",
                "tags": {
                  "Name": "digital-portfolio-volume"
                },
                "throughput": 125,
                "volume_id": "vol-0c64976776ac02aa4",
                "volume_size": 10,
                "volume_type": "gp3"
              }
            ],
            "ebs_optimized": false,
            "enclave_options": [
              {
                "enabled": false
              }
            ],
            "ephemeral_block_device": [],
            "get_password_data": false,
            "hibernation": false,
            "host_id": "",
            "host_resource_group_arn": null,
            "iam_instance_profile": "",
            "id": "i-0ccc5ea963dee400c",
            "instance_initiated_shutdown_behavior": "stop",
            "instance_state": "running",
            "instance_type": "t2.micro",
            "ipv6_address_count": 0,
            "ipv6_addresses": [],
            "key_name": "utshab-key",
            "launch_template": [],
            "maintenance_options": [
              {
                "auto_recovery": "default"
              }
            ],
            "metadata_options": [
              {
                "http_endpoint": "enabled",
                "http_put_response_hop_limit": 1,
                "http_tokens": "optional",
                "instance_metadata_tags": "disabled"
              }
            ],
            "monitoring": false,
            "network_interface": [],
            "outpost_arn": "",
            "password_data": "",
            "placement_group": "",
            "placement_partition_number": 0,
            "primary_network_interface_id": "eni-0bf81df37fcf0b8d7",
            "private_dns": "ip-172-31-23-231.ap-southeast-1.compute.internal",
            "private_dns_name_options": [
              {
                "enable_resource_name_dns_a_record": false,
                "enable_resource_name_dns_aaaa_record": false,
                "hostname_type": "ip-name"
              }
            ],
            "private_ip": "172.31.23.231",
            "public_dns": "ec2-18-141-222-182.ap-southeast-1.compute.amazonaws.com",
            "public_ip": "18.141.222.182",
            "root_block_device": [
              {
                "delete_on_termination": true,
                "device_name": "/dev/sda1",
                "encrypted": false,
                "iops": 100,
                "kms_key_id": "",
                "tags": {},
                "throughput": 0,
                "volume_id": "vol-0e1e50926739b9d52",
                "volume_size": 8,
                "volume_type": "gp2"
              }
            ],
            "secondary_private_ips": [],
            "security_groups": [
              "digital_portfolio_sg"
            ],
            "source_dest_check": true,
            "subnet_id": "subnet-04ed192e9205c5240",
            "tags": {
              "Name": "dp-dev-server"
            },
            "tags_all": {
              "Name": "dp-dev-server"
            },
            "tenancy": "default",
            "timeouts": null,
            "user_data": "03921034cc7b50b34e80e68e5ae2be832e02b71f",
            "user_data_base64": null,
            "user_data_replace_on_change": true,
            "volume_tags": null,
            "vpc_security_group_ids": [
              "sg-0db3713141ac3f18e"
            ]
          },
          "sensitive_attributes": [],
          "private": "eyJlMmJmYjczMC1lY2FhLTExZTYtOGY4OC0zNDM2M2JjN2M0YzAiOnsiY3JlYXRlIjo2MDAwMDAwMDAwMDAsImRlbGV0ZSI6MTIwMDAwMDAwMDAwMCwidXBkYXRlIjo2MDAwMDAwMDAwMDB9LCJzY2hlbWFfdmVyc2lvbiI6IjEifQ==",
          "dependencies": [
            "module.digital_portfolio_dev_stack.module.security_group.aws_security_group.dp_sg",
            "module.digital_portfolio_dev_stack.module.security_group.data.aws_vpc.existing_vpc"
          ]
        }
      ]
    },
    {
      "module": "module.digital_portfolio_dev_stack",
      "mode": "managed",
      "type": "aws_volume_attachment",
      "name": "my_ebs_volume_attachment",
      "provider": "provider[\"registry.terraform.io/hashicorp/aws\"]",
      "instances": [
        {
          "schema_version": 0,
          "attributes": {
            "device_name": "/dev/xvdf",
            "force_detach": null,
            "id": "vai-1796408225",
            "instance_id": "i-0ccc5ea963dee400c",
            "skip_destroy": null,
            "stop_instance_before_detaching": null,
            "timeouts": null,
            "volume_id": "vol-0c64976776ac02aa4"
          },
          "sensitive_attributes": [],
          "private": "eyJlMmJmYjczMC1lY2FhLTExZTYtOGY4OC0zNDM2M2JjN2M0YzAiOnsiY3JlYXRlIjozMDAwMDAwMDAwMDAsImRlbGV0ZSI6MzAwMDAwMDAwMDAwfX0=",
          "dependencies": [
            "module.digital_portfolio_dev_stack.aws_instance.dp_server",
            "module.digital_portfolio_dev_stack.module.ebs_volume.aws_ebs_volume.dp_ebs_volume",
            "module.digital_portfolio_dev_stack.module.security_group.aws_security_group.dp_sg",
            "module.digital_portfolio_dev_stack.module.security_group.data.aws_vpc.existing_vpc"
          ]
        }
      ]
    },
    {
      "module": "module.digital_portfolio_dev_stack.module.ebs_volume",
      "mode": "managed",
      "type": "aws_ebs_volume",
      "name": "dp_ebs_volume",
      "provider": "provider[\"registry.terraform.io/hashicorp/aws\"]",
      "instances": [
        {
          "schema_version": 0,
          "attributes": {
            "arn": "arn:aws:ec2:ap-southeast-1:645255961018:volume/vol-0c64976776ac02aa4",
            "availability_zone": "ap-southeast-1a",
            "encrypted": false,
            "final_snapshot": false,
            "id": "vol-0c64976776ac02aa4",
            "iops": 3000,
            "kms_key_id": "",
            "multi_attach_enabled": false,
            "outpost_arn": "",
            "size": 10,
            "snapshot_id": "",
            "tags": {
              "Name": "digital-portfolio-volume"
            },
            "tags_all": {
              "Name": "digital-portfolio-volume"
            },
            "throughput": 125,
            "timeouts": null,
            "type": "gp3"
          },
          "sensitive_attributes": [],
          "private": "eyJlMmJmYjczMC1lY2FhLTExZTYtOGY4OC0zNDM2M2JjN2M0YzAiOnsiY3JlYXRlIjozMDAwMDAwMDAwMDAsImRlbGV0ZSI6MzAwMDAwMDAwMDAwLCJ1cGRhdGUiOjMwMDAwMDAwMDAwMH19"
        }
      ]
    },
    {
      "module": "module.digital_portfolio_dev_stack.module.security_group",
      "mode": "data",
      "type": "aws_vpc",
      "name": "existing_vpc",
      "provider": "provider[\"registry.terraform.io/hashicorp/aws\"]",
      "instances": [
        {
          "schema_version": 0,
          "attributes": {
            "arn": "arn:aws:ec2:ap-southeast-1:645255961018:vpc/vpc-02bfe43fa0de25d03",
            "cidr_block": "172.31.0.0/16",
            "cidr_block_associations": [
              {
                "association_id": "vpc-cidr-assoc-01673a5c086e7078c",
                "cidr_block": "172.31.0.0/16",
                "state": "associated"
              }
            ],
            "default": true,
            "dhcp_options_id": "dopt-0f2e977fae38c5b65",
            "enable_dns_hostnames": true,
            "enable_dns_support": true,
            "enable_network_address_usage_metrics": false,
            "filter": null,
            "id": "vpc-02bfe43fa0de25d03",
            "instance_tenancy": "default",
            "ipv6_association_id": "",
            "ipv6_cidr_block": "",
            "main_route_table_id": "rtb-03fad3249674e0c57",
            "owner_id": "645255961018",
            "state": null,
            "tags": {},
            "timeouts": null
          },
          "sensitive_attributes": []
        }
      ]
    },
    {
      "module": "module.digital_portfolio_dev_stack.module.security_group",
      "mode": "managed",
      "type": "aws_security_group",
      "name": "dp_sg",
      "provider": "provider[\"registry.terraform.io/hashicorp/aws\"]",
      "instances": [
        {
          "schema_version": 1,
          "attributes": {
            "arn": "arn:aws:ec2:ap-southeast-1:645255961018:security-group/sg-0db3713141ac3f18e",
            "description": "Test Security Group",
            "egress": [
              {
                "cidr_blocks": [
                  "0.0.0.0/0"
                ],
                "description": "",
                "from_port": 0,
                "ipv6_cidr_blocks": [],
                "prefix_list_ids": [],
                "protocol": "-1",
                "security_groups": [],
                "self": false,
                "to_port": 0
              }
            ],
            "id": "sg-0db3713141ac3f18e",
            "ingress": [
              {
                "cidr_blocks": [
                  "0.0.0.0/0"
                ],
                "description": "",
                "from_port": 22,
                "ipv6_cidr_blocks": [],
                "prefix_list_ids": [],
                "protocol": "tcp",
                "security_groups": [],
                "self": false,
                "to_port": 22
              },
              {
                "cidr_blocks": [
                  "0.0.0.0/0"
                ],
                "description": "",
                "from_port": 8000,
                "ipv6_cidr_blocks": [],
                "prefix_list_ids": [],
                "protocol": "tcp",
                "security_groups": [],
                "self": false,
                "to_port": 8000
              },
              {
                "cidr_blocks": [
                  "0.0.0.0/0"
                ],
                "description": "",
                "from_port": 8080,
                "ipv6_cidr_blocks": [],
                "prefix_list_ids": [],
                "protocol": "tcp",
                "security_groups": [],
                "self": false,
                "to_port": 8080
              }
            ],
            "name": "digital_portfolio_sg",
            "name_prefix": "",
            "owner_id": "645255961018",
            "revoke_rules_on_delete": false,
            "tags": {
              "Name": "digital-portfolio-sg"
            },
            "tags_all": {
              "Name": "digital-portfolio-sg"
            },
            "timeouts": null,
            "vpc_id": "vpc-02bfe43fa0de25d03"
          },
          "sensitive_attributes": [],
          "private": "eyJlMmJmYjczMC1lY2FhLTExZTYtOGY4OC0zNDM2M2JjN2M0YzAiOnsiY3JlYXRlIjo2MDAwMDAwMDAwMDAsImRlbGV0ZSI6OTAwMDAwMDAwMDAwfSwic2NoZW1hX3ZlcnNpb24iOiIxIn0=",
          "dependencies": [
            "module.digital_portfolio_dev_stack.module.security_group.data.aws_vpc.existing_vpc"
          ]
        }
      ]
    }
  ],
  "check_results": null
}
